
Microsoft Visual Studio Solution File, Format Version 12.00
# Visual Studio Version 16
VisualStudioVersion = 16.0.32407.337
MinimumVisualStudioVersion = 10.0.40219.1
Project("{8BC9CEB8-8B4A-11D0-8D11-00A0C91BC942}") = "Project11", "Project11\Project11.vcxproj", "{D57ED4D2-FE8E-4B46-BD5D-6C6076E59D71}"
EndProject
Global
	GlobalSection(SolutionConfigurationPlatforms) = preSolution
		Debug|x64 = Debug|x64
		Debug|x86 = Debug|x86
		Release|x64 = Release|x64
		Release|x86 = Release|x86
	EndGlobalSection
	GlobalSection(ProjectConfigurationPlatforms) = postSolution
		{D57ED4D2-FE8E-4B46-BD5D-6C6076E59D71}.Debug|x64.ActiveCfg = Debug|x64
		{D57ED4D2-FE8E-4B46-BD5D-6C6076E59D71}.Debug|x64.Build.0 = Debug|x64
		{D57ED4D2-FE8E-4B46-BD5D-6C6076E59D71}.Debug|x86.ActiveCfg = Debug|Win32
		{D57ED4D2-FE8E-4B46-BD5D-6C6076E59D71}.Debug|x86.Build.0 = Debug|Win32
		{D57ED4D2-FE8E-4B46-BD5D-6C6076E59D71}.Release|x64.ActiveCfg = Release|x64
		{D57ED4D2-FE8E-4B46-BD5D-6C6076E59D71}.Release|x64.Build.0 = Release|x64
		{D57ED4D2-FE8E-4B46-BD5D-6C6076E59D71}.Release|x86.ActiveCfg = Release|Win32
		{D57ED4D2-FE8E-4B46-BD5D-6C6076E59D71}.Release|x86.Build.0 = Release|Win32
	EndGlobalSection
	GlobalSection(SolutionProperties) = preSolution
		HideSolutionNode = FALSE
	EndGlobalSection
	GlobalSection(ExtensibilityGlobals) = postSolution
		SolutionGuid = {EC92D3F6-EEB1-486B-BBFF-DEB07D817166}
	EndGlobalSection
EndGlobal
